
Microsoft Visual Studio Solution File, Format Version 12.00
# Visual Studio Version 17
VisualStudioVersion = 17.2.32616.157
MinimumVisualStudioVersion = 10.0.40219.1
Project("{FAE04EC0-301F-11D3-BF4B-00C04F79EFBC}") = "Nitro.Dotnet.Functions", "src\Nitro.Dotnet.Functions\Nitro.Dotnet.Functions.csproj", "{F4EB3A4A-35F6-4D3B-AB65-6419DEAD2B5D}"
EndProject
Global
	GlobalSection(SolutionConfigurationPlatforms) = preSolution
		Debug|Any CPU = Debug|Any CPU
		Release|Any CPU = Release|Any CPU
	EndGlobalSection
	GlobalSection(ProjectConfigurationPlatforms) = postSolution
		{F4EB3A4A-35F6-4D3B-AB65-6419DEAD2B5D}.Debug|Any CPU.ActiveCfg = Debug|Any CPU
		{F4EB3A4A-35F6-4D3B-AB65-6419DEAD2B5D}.Debug|Any CPU.Build.0 = Debug|Any CPU
		{F4EB3A4A-35F6-4D3B-AB65-6419DEAD2B5D}.Release|Any CPU.ActiveCfg = Release|Any CPU
		{F4EB3A4A-35F6-4D3B-AB65-6419DEAD2B5D}.Release|Any CPU.Build.0 = Release|Any CPU
	EndGlobalSection
	GlobalSection(SolutionProperties) = preSolution
		HideSolutionNode = FALSE
	EndGlobalSection
	GlobalSection(ExtensibilityGlobals) = postSolution
		SolutionGuid = {6037E87E-070C-4087-8350-F782C799CB9C}
	EndGlobalSection
EndGlobal
